# This file is automatically @generated by Cargo.
# It is not intended for manual editing.
version = 4

[[package]]
name = "nyx-core"
version = "0.1.0"

[[package]]
name = "nyx-crypto"
version = "0.1.0"

[[package]]
name = "nyx-network"
version = "0.1.0"

[[package]]
name = "nyx-privacy"
version = "0.1.0"

[[package]]
name = "nyx-vm"
version = "0.1.0"

[[package]]
name = "nyx-wallet"
version = "0.1.0"
